// !$*UTF8*$!
{
	archiveVersion = 1;
	classes = {
	};
	objectVersion = 46;
	objects = {

/* Begin PBXBuildFile section */
		3F2495C71EA53B9F00F2360A /* AppDelegate.swift in Sources */ = {isa = PBXBuildFile; fileRef = 3F2495C61EA53B9F00F2360A /* AppDelegate.swift */; };
		3F2495C91EA53B9F00F2360A /* ViewController.swift in Sources */ = {isa = PBXBuildFile; fileRef = 3F2495C81EA53B9F00F2360A /* ViewController.swift */; };
		3F2495CF1EA53BA000F2360A /* FInal_Project.xcdatamodeld in Sources */ = {isa = PBXBuildFile; fileRef = 3F2495CD1EA53BA000F2360A /* FInal_Project.xcdatamodeld */; };
		3F2495D11EA53BA000F2360A /* Assets.xcassets in Resources */ = {isa = PBXBuildFile; fileRef = 3F2495D01EA53BA000F2360A /* Assets.xcassets */; };
		3F2495D41EA53BA000F2360A /* LaunchScreen.storyboard in Resources */ = {isa = PBXBuildFile; fileRef = 3F2495D21EA53BA000F2360A /* LaunchScreen.storyboard */; };
		3F2495E51EA5406800F2360A /* Navigation.storyboard in Resources */ = {isa = PBXBuildFile; fileRef = 3F2495E41EA5406800F2360A /* Navigation.storyboard */; };
		3F2495EE1EA540E600F2360A /* Calendar.storyboard in Resources */ = {isa = PBXBuildFile; fileRef = 3F2495ED1EA540E600F2360A /* Calendar.storyboard */; };
		3F2495F11EA5410A00F2360A /* Extras.storyboard in Resources */ = {isa = PBXBuildFile; fileRef = 3F2495F01EA5410A00F2360A /* Extras.storyboard */; };
		3F2495F91EA5416A00F2360A /* Change Info.storyboard in Resources */ = {isa = PBXBuildFile; fileRef = 3F2495F81EA5416A00F2360A /* Change Info.storyboard */; };
		3F2495FC1EA5418F00F2360A /* Enter Book Info.storyboard in Resources */ = {isa = PBXBuildFile; fileRef = 3F2495FB1EA5418F00F2360A /* Enter Book Info.storyboard */; };
		3F2495FE1EA541A600F2360A /* Cover Picture.storyboard in Resources */ = {isa = PBXBuildFile; fileRef = 3F2495FD1EA541A600F2360A /* Cover Picture.storyboard */; };
		3F2496001EA541BB00F2360A /* Timer & Pages.storyboard in Resources */ = {isa = PBXBuildFile; fileRef = 3F2495FF1EA541BB00F2360A /* Timer & Pages.storyboard */; };
		3F2496021EA541F400F2360A /* Book Info.storyboard in Resources */ = {isa = PBXBuildFile; fileRef = 3F2496011EA541F400F2360A /* Book Info.storyboard */; };
		3F2496041EA5420900F2360A /* Authentication.storyboard in Resources */ = {isa = PBXBuildFile; fileRef = 3F2496031EA5420900F2360A /* Authentication.storyboard */; };
		3F2496061EA54FB000F2360A /* User Info.storyboard in Resources */ = {isa = PBXBuildFile; fileRef = 3F2496051EA54FB000F2360A /* User Info.storyboard */; };
		3F24960B1EA5506600F2360A /* Home Tutorial.storyboard in Resources */ = {isa = PBXBuildFile; fileRef = 3F24960A1EA5506600F2360A /* Home Tutorial.storyboard */; };
		3F24960D1EA5508E00F2360A /* Navigation Tutorial.storyboard in Resources */ = {isa = PBXBuildFile; fileRef = 3F24960C1EA5508E00F2360A /* Navigation Tutorial.storyboard */; };
		3F24960F1EA55C6000F2360A /* Notifications.storyboard in Resources */ = {isa = PBXBuildFile; fileRef = 3F24960E1EA55C6000F2360A /* Notifications.storyboard */; };
		3F4568071EA79F8C00A6CACE /* LibraryController.swift in Sources */ = {isa = PBXBuildFile; fileRef = 3F4568061EA79F8C00A6CACE /* LibraryController.swift */; };
		3F4568091EA7C4E800A6CACE /* Library.storyboard in Resources */ = {isa = PBXBuildFile; fileRef = 3F4568081EA7C4E800A6CACE /* Library.storyboard */; };
		3FD74E251EA7974100FB7CD9 /* Main.storyboard in Resources */ = {isa = PBXBuildFile; fileRef = 3FD74E241EA7974100FB7CD9 /* Main.storyboard */; };
		3FE2C7511EA6E08A00B9B14D /* Home.storyboard in Resources */ = {isa = PBXBuildFile; fileRef = 3FE2C7501EA6E08A00B9B14D /* Home.storyboard */; };
/* End PBXBuildFile section */

/* Begin PBXFileReference section */
		3F2495C31EA53B9E00F2360A /* FInal Project.app */ = {isa = PBXFileReference; explicitFileType = wrapper.application; includeInIndex = 0; path = "FInal Project.app"; sourceTree = BUILT_PRODUCTS_DIR; };
		3F2495C61EA53B9F00F2360A /* AppDelegate.swift */ = {isa = PBXFileReference; lastKnownFileType = sourcecode.swift; path = AppDelegate.swift; sourceTree = "<group>"; };
		3F2495C81EA53B9F00F2360A /* ViewController.swift */ = {isa = PBXFileReference; lastKnownFileType = sourcecode.swift; path = ViewController.swift; sourceTree = "<group>"; };
		3F2495CE1EA53BA000F2360A /* FInal_Project.xcdatamodel */ = {isa = PBXFileReference; lastKnownFileType = wrapper.xcdatamodel; path = FInal_Project.xcdatamodel; sourceTree = "<group>"; };
		3F2495D01EA53BA000F2360A /* Assets.xcassets */ = {isa = PBXFileReference; lastKnownFileType = folder.assetcatalog; path = Assets.xcassets; sourceTree = "<group>"; };
		3F2495D31EA53BA000F2360A /* Base */ = {isa = PBXFileReference; lastKnownFileType = file.storyboard; name = Base; path = Base.lproj/LaunchScreen.storyboard; sourceTree = "<group>"; };
		3F2495D51EA53BA000F2360A /* Info.plist */ = {isa = PBXFileReference; lastKnownFileType = text.plist.xml; path = Info.plist; sourceTree = "<group>"; };
		3F2495DB1EA53F8700F2360A /* MyriadPro-Regular.otf */ = {isa = PBXFileReference; lastKnownFileType = file; path = "MyriadPro-Regular.otf"; sourceTree = "<group>"; };
		3F2495DC1EA53F8700F2360A /* MyriadPro-It.otf */ = {isa = PBXFileReference; lastKnownFileType = file; path = "MyriadPro-It.otf"; sourceTree = "<group>"; };
		3F2495E41EA5406800F2360A /* Navigation.storyboard */ = {isa = PBXFileReference; fileEncoding = 4; lastKnownFileType = file.storyboard; name = Navigation.storyboard; path = "FInal Project/Navigation.storyboard"; sourceTree = "<group>"; };
		3F2495ED1EA540E600F2360A /* Calendar.storyboard */ = {isa = PBXFileReference; fileEncoding = 4; lastKnownFileType = file.storyboard; name = Calendar.storyboard; path = "FInal Project/Calendar.storyboard"; sourceTree = "<group>"; };
		3F2495F01EA5410A00F2360A /* Extras.storyboard */ = {isa = PBXFileReference; fileEncoding = 4; lastKnownFileType = file.storyboard; name = Extras.storyboard; path = "FInal Project/Extras.storyboard"; sourceTree = "<group>"; };
		3F2495F81EA5416A00F2360A /* Change Info.storyboard */ = {isa = PBXFileReference; fileEncoding = 4; lastKnownFileType = file.storyboard; name = "Change Info.storyboard"; path = "FInal Project/Change Info.storyboard"; sourceTree = "<group>"; };
		3F2495FB1EA5418F00F2360A /* Enter Book Info.storyboard */ = {isa = PBXFileReference; fileEncoding = 4; lastKnownFileType = file.storyboard; path = "Enter Book Info.storyboard"; sourceTree = "<group>"; };
		3F2495FD1EA541A600F2360A /* Cover Picture.storyboard */ = {isa = PBXFileReference; fileEncoding = 4; lastKnownFileType = file.storyboard; path = "Cover Picture.storyboard"; sourceTree = "<group>"; };
		3F2495FF1EA541BB00F2360A /* Timer & Pages.storyboard */ = {isa = PBXFileReference; fileEncoding = 4; lastKnownFileType = file.storyboard; path = "Timer & Pages.storyboard"; sourceTree = "<group>"; };
		3F2496011EA541F400F2360A /* Book Info.storyboard */ = {isa = PBXFileReference; fileEncoding = 4; lastKnownFileType = file.storyboard; path = "Book Info.storyboard"; sourceTree = "<group>"; };
		3F2496031EA5420900F2360A /* Authentication.storyboard */ = {isa = PBXFileReference; fileEncoding = 4; lastKnownFileType = file.storyboard; path = Authentication.storyboard; sourceTree = "<group>"; };
		3F2496051EA54FB000F2360A /* User Info.storyboard */ = {isa = PBXFileReference; fileEncoding = 4; lastKnownFileType = file.storyboard; path = "User Info.storyboard"; sourceTree = "<group>"; };
		3F24960A1EA5506600F2360A /* Home Tutorial.storyboard */ = {isa = PBXFileReference; fileEncoding = 4; lastKnownFileType = file.storyboard; path = "Home Tutorial.storyboard"; sourceTree = "<group>"; };
		3F24960C1EA5508E00F2360A /* Navigation Tutorial.storyboard */ = {isa = PBXFileReference; fileEncoding = 4; lastKnownFileType = file.storyboard; path = "Navigation Tutorial.storyboard"; sourceTree = "<group>"; };
		3F24960E1EA55C6000F2360A /* Notifications.storyboard */ = {isa = PBXFileReference; fileEncoding = 4; lastKnownFileType = file.storyboard; path = Notifications.storyboard; sourceTree = "<group>"; };
		3F4568061EA79F8C00A6CACE /* LibraryController.swift */ = {isa = PBXFileReference; fileEncoding = 4; lastKnownFileType = sourcecode.swift; name = LibraryController.swift; path = "FInal Project/LibraryController.swift"; sourceTree = "<group>"; };
		3F4568081EA7C4E800A6CACE /* Library.storyboard */ = {isa = PBXFileReference; fileEncoding = 4; lastKnownFileType = file.storyboard; path = Library.storyboard; sourceTree = "<group>"; };
		3FD74E241EA7974100FB7CD9 /* Main.storyboard */ = {isa = PBXFileReference; fileEncoding = 4; lastKnownFileType = file.storyboard; path = Main.storyboard; sourceTree = "<group>"; };
		3FE2C7501EA6E08A00B9B14D /* Home.storyboard */ = {isa = PBXFileReference; fileEncoding = 4; lastKnownFileType = file.storyboard; path = Home.storyboard; sourceTree = "<group>"; };
/* End PBXFileReference section */

/* Begin PBXFrameworksBuildPhase section */
		3F2495C01EA53B9D00F2360A /* Frameworks */ = {
			isa = PBXFrameworksBuildPhase;
			buildActionMask = 2147483647;
			files = (
			);
			runOnlyForDeploymentPostprocessing = 0;
		};
/* End PBXFrameworksBuildPhase section */

/* Begin PBXGroup section */
		3F2495BA1EA53B9D00F2360A = {
			isa = PBXGroup;
			children = (
				3F2495C51EA53B9E00F2360A /* FInal Project */,
				3F2495C41EA53B9E00F2360A /* Products */,
				3F2495DD1EA53F9300F2360A /* Resources */,
			);
			sourceTree = "<group>";
		};
		3F2495C41EA53B9E00F2360A /* Products */ = {
			isa = PBXGroup;
			children = (
				3F2495C31EA53B9E00F2360A /* FInal Project.app */,
			);
			name = Products;
			sourceTree = "<group>";
		};
		3F2495C51EA53B9E00F2360A /* FInal Project */ = {
			isa = PBXGroup;
			children = (
				3F2496101EA55C6400F2360A /* Notifications */,
				3F2496071EA54FC700F2360A /* First Launch */,
				3F2495FA1EA5417A00F2360A /* Get Reading */,
				3F2495F71EA5414300F2360A /* Library */,
				3F2495F21EA5410E00F2360A /* Extras */,
				3F2495EF1EA540EB00F2360A /* Calendar */,
				3F2495E61EA5406D00F2360A /* Navigation */,
				3F2495E31EA5404800F2360A /* Home */,
				3F2495C61EA53B9F00F2360A /* AppDelegate.swift */,
				3FD74E241EA7974100FB7CD9 /* Main.storyboard */,
				3F2495C81EA53B9F00F2360A /* ViewController.swift */,
				3F2495D01EA53BA000F2360A /* Assets.xcassets */,
				3F2495D21EA53BA000F2360A /* LaunchScreen.storyboard */,
				3F2495D51EA53BA000F2360A /* Info.plist */,
				3F2495CD1EA53BA000F2360A /* FInal_Project.xcdatamodeld */,
			);
			path = "FInal Project";
			sourceTree = "<group>";
		};
		3F2495DD1EA53F9300F2360A /* Resources */ = {
			isa = PBXGroup;
			children = (
				3F2495DC1EA53F8700F2360A /* MyriadPro-It.otf */,
				3F2495DB1EA53F8700F2360A /* MyriadPro-Regular.otf */,
			);
			name = Resources;
			sourceTree = "<group>";
		};
		3F2495E31EA5404800F2360A /* Home */ = {
			isa = PBXGroup;
			children = (
				3F2495F81EA5416A00F2360A /* Change Info.storyboard */,
				3FE2C7501EA6E08A00B9B14D /* Home.storyboard */,
			);
			name = Home;
			path = ..;
			sourceTree = "<group>";
		};
		3F2495E61EA5406D00F2360A /* Navigation */ = {
			isa = PBXGroup;
			children = (
				3F2495E41EA5406800F2360A /* Navigation.storyboard */,
			);
			name = Navigation;
			path = ..;
			sourceTree = "<group>";
		};
		3F2495EF1EA540EB00F2360A /* Calendar */ = {
			isa = PBXGroup;
			children = (
				3F2495ED1EA540E600F2360A /* Calendar.storyboard */,
			);
			name = Calendar;
			path = ..;
			sourceTree = "<group>";
		};
		3F2495F21EA5410E00F2360A /* Extras */ = {
			isa = PBXGroup;
			children = (
				3F2495F01EA5410A00F2360A /* Extras.storyboard */,
			);
			name = Extras;
			path = ..;
			sourceTree = "<group>";
		};
		3F2495F71EA5414300F2360A /* Library */ = {
			isa = PBXGroup;
			children = (
				3F4568081EA7C4E800A6CACE /* Library.storyboard */,
				3F4568061EA79F8C00A6CACE /* LibraryController.swift */,
				3F2496011EA541F400F2360A /* Book Info.storyboard */,
			);
			name = Library;
			path = ..;
			sourceTree = "<group>";
		};
		3F2495FA1EA5417A00F2360A /* Get Reading */ = {
			isa = PBXGroup;
			children = (
				3F2495FF1EA541BB00F2360A /* Timer & Pages.storyboard */,
				3F2495FB1EA5418F00F2360A /* Enter Book Info.storyboard */,
				3F2496031EA5420900F2360A /* Authentication.storyboard */,
				3F2495FD1EA541A600F2360A /* Cover Picture.storyboard */,
			);
			name = "Get Reading";
			sourceTree = "<group>";
		};
		3F2496071EA54FC700F2360A /* First Launch */ = {
			isa = PBXGroup;
			children = (
				3F2496051EA54FB000F2360A /* User Info.storyboard */,
				3F24960A1EA5506600F2360A /* Home Tutorial.storyboard */,
				3F24960C1EA5508E00F2360A /* Navigation Tutorial.storyboard */,
			);
			name = "First Launch";
			sourceTree = "<group>";
		};
		3F2496101EA55C6400F2360A /* Notifications */ = {
			isa = PBXGroup;
			children = (
				3F24960E1EA55C6000F2360A /* Notifications.storyboard */,
			);
			name = Notifications;
			sourceTree = "<group>";
		};
/* End PBXGroup section */

/* Begin PBXNativeTarget section */
		3F2495C21EA53B9D00F2360A /* FInal Project */ = {
			isa = PBXNativeTarget;
			buildConfigurationList = 3F2495D81EA53BA000F2360A /* Build configuration list for PBXNativeTarget "FInal Project" */;
			buildPhases = (
				3F2495BF1EA53B9D00F2360A /* Sources */,
				3F2495C01EA53B9D00F2360A /* Frameworks */,
				3F2495C11EA53B9D00F2360A /* Resources */,
			);
			buildRules = (
			);
			dependencies = (
			);
			name = "FInal Project";
			productName = "FInal Project";
			productReference = 3F2495C31EA53B9E00F2360A /* FInal Project.app */;
			productType = "com.apple.product-type.application";
		};
/* End PBXNativeTarget section */

/* Begin PBXProject section */
		3F2495BB1EA53B9D00F2360A /* Project object */ = {
			isa = PBXProject;
			attributes = {
				LastSwiftUpdateCheck = 0820;
				LastUpgradeCheck = 0820;
				ORGANIZATIONNAME = Student;
				TargetAttributes = {
					3F2495C21EA53B9D00F2360A = {
						CreatedOnToolsVersion = 8.2.1;
						ProvisioningStyle = Automatic;
					};
				};
			};
			buildConfigurationList = 3F2495BE1EA53B9D00F2360A /* Build configuration list for PBXProject "FInal Project" */;
			compatibilityVersion = "Xcode 3.2";
			developmentRegion = English;
			hasScannedForEncodings = 0;
			knownRegions = (
				en,
				Base,
			);
			mainGroup = 3F2495BA1EA53B9D00F2360A;
			productRefGroup = 3F2495C41EA53B9E00F2360A /* Products */;
			projectDirPath = "";
			projectRoot = "";
			targets = (
				3F2495C21EA53B9D00F2360A /* FInal Project */,
			);
		};
/* End PBXProject section */

/* Begin PBXResourcesBuildPhase section */
		3F2495C11EA53B9D00F2360A /* Resources */ = {
			isa = PBXResourcesBuildPhase;
			buildActionMask = 2147483647;
			files = (
				3F2496021EA541F400F2360A /* Book Info.storyboard in Resources */,
				3F2495EE1EA540E600F2360A /* Calendar.storyboard in Resources */,
				3F2495F11EA5410A00F2360A /* Extras.storyboard in Resources */,
				3F2495FC1EA5418F00F2360A /* Enter Book Info.storyboard in Resources */,
				3F4568091EA7C4E800A6CACE /* Library.storyboard in Resources */,
				3F2495D41EA53BA000F2360A /* LaunchScreen.storyboard in Resources */,
				3F2495D11EA53BA000F2360A /* Assets.xcassets in Resources */,
				3F24960B1EA5506600F2360A /* Home Tutorial.storyboard in Resources */,
				3F24960F1EA55C6000F2360A /* Notifications.storyboard in Resources */,
				3F2495E51EA5406800F2360A /* Navigation.storyboard in Resources */,
				3F2496001EA541BB00F2360A /* Timer & Pages.storyboard in Resources */,
				3F2496041EA5420900F2360A /* Authentication.storyboard in Resources */,
				3F24960D1EA5508E00F2360A /* Navigation Tutorial.storyboard in Resources */,
				3F2495FE1EA541A600F2360A /* Cover Picture.storyboard in Resources */,
				3F2495F91EA5416A00F2360A /* Change Info.storyboard in Resources */,
				3FE2C7511EA6E08A00B9B14D /* Home.storyboard in Resources */,
				3FD74E251EA7974100FB7CD9 /* Main.storyboard in Resources */,
				3F2496061EA54FB000F2360A /* User Info.storyboard in Resources */,
			);
			runOnlyForDeploymentPostprocessing = 0;
		};
/* End PBXResourcesBuildPhase section */

/* Begin PBXSourcesBuildPhase section */
		3F2495BF1EA53B9D00F2360A /* Sources */ = {
			isa = PBXSourcesBuildPhase;
			buildActionMask = 2147483647;
			files = (
				3F2495CF1EA53BA000F2360A /* FInal_Project.xcdatamodeld in Sources */,
				3F2495C91EA53B9F00F2360A /* ViewController.swift in Sources */,
				3F2495C71EA53B9F00F2360A /* AppDelegate.swift in Sources */,
				3F4568071EA79F8C00A6CACE /* LibraryController.swift in Sources */,
			);
			runOnlyForDeploymentPostprocessing = 0;
		};
/* End PBXSourcesBuildPhase section */

/* Begin PBXVariantGroup section */
		3F2495D21EA53BA000F2360A /* LaunchScreen.storyboard */ = {
			isa = PBXVariantGroup;
			children = (
				3F2495D31EA53BA000F2360A /* Base */,
			);
			name = LaunchScreen.storyboard;
			sourceTree = "<group>";
		};
/* End PBXVariantGroup section */

/* Begin XCBuildConfiguration section */
		3F2495D61EA53BA000F2360A /* Debug */ = {
			isa = XCBuildConfiguration;
			buildSettings = {
				ALWAYS_SEARCH_USER_PATHS = NO;
				CLANG_ANALYZER_NONNULL = YES;
				CLANG_CXX_LANGUAGE_STANDARD = "gnu++0x";
				CLANG_CXX_LIBRARY = "libc++";
				CLANG_ENABLE_MODULES = YES;
				CLANG_ENABLE_OBJC_ARC = YES;
				CLANG_WARN_BOOL_CONVERSION = YES;
				CLANG_WARN_CONSTANT_CONVERSION = YES;
				CLANG_WARN_DIRECT_OBJC_ISA_USAGE = YES_ERROR;
				CLANG_WARN_DOCUMENTATION_COMMENTS = YES;
				CLANG_WARN_EMPTY_BODY = YES;
				CLANG_WARN_ENUM_CONVERSION = YES;
				CLANG_WARN_INFINITE_RECURSION = YES;
				CLANG_WARN_INT_CONVERSION = YES;
				CLANG_WARN_OBJC_ROOT_CLASS = YES_ERROR;
				CLANG_WARN_SUSPICIOUS_MOVE = YES;
				CLANG_WARN_UNREACHABLE_CODE = YES;
				CLANG_WARN__DUPLICATE_METHOD_MATCH = YES;
				"CODE_SIGN_IDENTITY[sdk=iphoneos*]" = "iPhone Developer";
				COPY_PHASE_STRIP = NO;
				DEBUG_INFORMATION_FORMAT = dwarf;
				ENABLE_STRICT_OBJC_MSGSEND = YES;
				ENABLE_TESTABILITY = YES;
				GCC_C_LANGUAGE_STANDARD = gnu99;
				GCC_DYNAMIC_NO_PIC = NO;
				GCC_NO_COMMON_BLOCKS = YES;
				GCC_OPTIMIZATION_LEVEL = 0;
				GCC_PREPROCESSOR_DEFINITIONS = (
					"DEBUG=1",
					"$(inherited)",
				);
				GCC_WARN_64_TO_32_BIT_CONVERSION = YES;
				GCC_WARN_ABOUT_RETURN_TYPE = YES_ERROR;
				GCC_WARN_UNDECLARED_SELECTOR = YES;
				GCC_WARN_UNINITIALIZED_AUTOS = YES_AGGRESSIVE;
				GCC_WARN_UNUSED_FUNCTION = YES;
				GCC_WARN_UNUSED_VARIABLE = YES;
				IPHONEOS_DEPLOYMENT_TARGET = 10.2;
				MTL_ENABLE_DEBUG_INFO = YES;
				ONLY_ACTIVE_ARCH = YES;
				SDKROOT = iphoneos;
				SWIFT_ACTIVE_COMPILATION_CONDITIONS = DEBUG;
				SWIFT_OPTIMIZATION_LEVEL = "-Onone";
				TARGETED_DEVICE_FAMILY = "1,2";
			};
			name = Debug;
		};
		3F2495D71EA53BA000F2360A /* Release */ = {
			isa = XCBuildConfiguration;
			buildSettings = {
				ALWAYS_SEARCH_USER_PATHS = NO;
				CLANG_ANALYZER_NONNULL = YES;
				CLANG_CXX_LANGUAGE_STANDARD = "gnu++0x";
				CLANG_CXX_LIBRARY = "libc++";
				CLANG_ENABLE_MODULES = YES;
				CLANG_ENABLE_OBJC_ARC = YES;
				CLANG_WARN_BOOL_CONVERSION = YES;
				CLANG_WARN_CONSTANT_CONVERSION = YES;
				CLANG_WARN_DIRECT_OBJC_ISA_USAGE = YES_ERROR;
				CLANG_WARN_DOCUMENTATION_COMMENTS = YES;
				CLANG_WARN_EMPTY_BODY = YES;
				CLANG_WARN_ENUM_CONVERSION = YES;
				CLANG_WARN_INFINITE_RECURSION = YES;
				CLANG_WARN_INT_CONVERSION = YES;
				CLANG_WARN_OBJC_ROOT_CLASS = YES_ERROR;
				CLANG_WARN_SUSPICIOUS_MOVE = YES;
				CLANG_WARN_UNREACHABLE_CODE = YES;
				CLANG_WARN__DUPLICATE_METHOD_MATCH = YES;
				"CODE_SIGN_IDENTITY[sdk=iphoneos*]" = "iPhone Developer";
				COPY_PHASE_STRIP = NO;
				DEBUG_INFORMATION_FORMAT = "dwarf-with-dsym";
				ENABLE_NS_ASSERTIONS = NO;
				ENABLE_STRICT_OBJC_MSGSEND = YES;
				GCC_C_LANGUAGE_STANDARD = gnu99;
				GCC_NO_COMMON_BLOCKS = YES;
				GCC_WARN_64_TO_32_BIT_CONVERSION = YES;
				GCC_WARN_ABOUT_RETURN_TYPE = YES_ERROR;
				GCC_WARN_UNDECLARED_SELECTOR = YES;
				GCC_WARN_UNINITIALIZED_AUTOS = YES_AGGRESSIVE;
				GCC_WARN_UNUSED_FUNCTION = YES;
				GCC_WARN_UNUSED_VARIABLE = YES;
				IPHONEOS_DEPLOYMENT_TARGET = 10.2;
				MTL_ENABLE_DEBUG_INFO = NO;
				SDKROOT = iphoneos;
				SWIFT_OPTIMIZATION_LEVEL = "-Owholemodule";
				TARGETED_DEVICE_FAMILY = "1,2";
				VALIDATE_PRODUCT = YES;
			};
			name = Release;
		};
		3F2495D91EA53BA000F2360A /* Debug */ = {
			isa = XCBuildConfiguration;
			buildSettings = {
				ASSETCATALOG_COMPILER_APPICON_NAME = AppIcon;
				INFOPLIST_FILE = "FInal Project/Info.plist";
				LD_RUNPATH_SEARCH_PATHS = "$(inherited) @executable_path/Frameworks";
				PRODUCT_BUNDLE_IDENTIFIER = "FinalProject.FInal-Project";
				PRODUCT_NAME = "$(TARGET_NAME)";
				SWIFT_VERSION = 3.0;
			};
			name = Debug;
		};
		3F2495DA1EA53BA000F2360A /* Release */ = {
			isa = XCBuildConfiguration;
			buildSettings = {
				ASSETCATALOG_COMPILER_APPICON_NAME = AppIcon;
				INFOPLIST_FILE = "FInal Project/Info.plist";
				LD_RUNPATH_SEARCH_PATHS = "$(inherited) @executable_path/Frameworks";
				PRODUCT_BUNDLE_IDENTIFIER = "FinalProject.FInal-Project";
				PRODUCT_NAME = "$(TARGET_NAME)";
				SWIFT_VERSION = 3.0;
			};
			name = Release;
		};
/* End XCBuildConfiguration section */

/* Begin XCConfigurationList section */
		3F2495BE1EA53B9D00F2360A /* Build configuration list for PBXProject "FInal Project" */ = {
			isa = XCConfigurationList;
			buildConfigurations = (
				3F2495D61EA53BA000F2360A /* Debug */,
				3F2495D71EA53BA000F2360A /* Release */,
			);
			defaultConfigurationIsVisible = 0;
			defaultConfigurationName = Release;
		};
		3F2495D81EA53BA000F2360A /* Build configuration list for PBXNativeTarget "FInal Project" */ = {
			isa = XCConfigurationList;
			buildConfigurations = (
				3F2495D91EA53BA000F2360A /* Debug */,
				3F2495DA1EA53BA000F2360A /* Release */,
			);
			defaultConfigurationIsVisible = 0;
			defaultConfigurationName = Release;
		};
/* End XCConfigurationList section */

/* Begin XCVersionGroup section */
		3F2495CD1EA53BA000F2360A /* FInal_Project.xcdatamodeld */ = {
			isa = XCVersionGroup;
			children = (
				3F2495CE1EA53BA000F2360A /* FInal_Project.xcdatamodel */,
			);
			currentVersion = 3F2495CE1EA53BA000F2360A /* FInal_Project.xcdatamodel */;
			path = FInal_Project.xcdatamodeld;
			sourceTree = "<group>";
			versionGroupType = wrapper.xcdatamodel;
		};
/* End XCVersionGroup section */
	};
	rootObject = 3F2495BB1EA53B9D00F2360A /* Project object */;
}
